
Microsoft Visual Studio Solution File, Format Version 12.00
# Visual Studio Version 17
VisualStudioVersion = 17.4.33122.133
MinimumVisualStudioVersion = 10.0.40219.1
Project("{FAE04EC0-301F-11D3-BF4B-00C04F79EFBC}") = "HW10 class tasks", "HW10 class tasks\HW10 class tasks.csproj", "{5182E4EC-1B5B-40FA-A989-7FD4B993F1D6}"
EndProject
Global
	GlobalSection(SolutionConfigurationPlatforms) = preSolution
		Debug|Any CPU = Debug|Any CPU
		Release|Any CPU = Release|Any CPU
	EndGlobalSection
	GlobalSection(ProjectConfigurationPlatforms) = postSolution
		{5182E4EC-1B5B-40FA-A989-7FD4B993F1D6}.Debug|Any CPU.ActiveCfg = Debug|Any CPU
		{5182E4EC-1B5B-40FA-A989-7FD4B993F1D6}.Debug|Any CPU.Build.0 = Debug|Any CPU
		{5182E4EC-1B5B-40FA-A989-7FD4B993F1D6}.Release|Any CPU.ActiveCfg = Release|Any CPU
		{5182E4EC-1B5B-40FA-A989-7FD4B993F1D6}.Release|Any CPU.Build.0 = Release|Any CPU
	EndGlobalSection
	GlobalSection(SolutionProperties) = preSolution
		HideSolutionNode = FALSE
	EndGlobalSection
	GlobalSection(ExtensibilityGlobals) = postSolution
		SolutionGuid = {160837E1-5889-48AF-8773-A496AAE3177C}
	EndGlobalSection
EndGlobal
